// !$*UTF8*$!
{
	archiveVersion = 1;
	classes = {
	};
	objectVersion = 46;
	objects = {

/* Begin PBXBuildFile section */
		0B2A1628E566DCA6619BA2C7 /* libPods.a in Frameworks */ = {isa = PBXBuildFile; fileRef = 4DC68628262B474EC1BEA45E /* libPods.a */; };
		7A15C9961C97036A00DA7022 /* LVGKeyboardInputView.m in Sources */ = {isa = PBXBuildFile; fileRef = 7A15C9941C97036A00DA7022 /* LVGKeyboardInputView.m */; };
		7A89C4721C7A5F5F00D3A2F7 /* main.m in Sources */ = {isa = PBXBuildFile; fileRef = 7A89C4711C7A5F5F00D3A2F7 /* main.m */; };
		7A89C4751C7A5F5F00D3A2F7 /* AppDelegate.m in Sources */ = {isa = PBXBuildFile; fileRef = 7A89C4741C7A5F5F00D3A2F7 /* AppDelegate.m */; };
		7A89C47D1C7A5F6000D3A2F7 /* Assets.xcassets in Resources */ = {isa = PBXBuildFile; fileRef = 7A89C47C1C7A5F6000D3A2F7 /* Assets.xcassets */; };
		7A89C4801C7A5F6000D3A2F7 /* LaunchScreen.storyboard in Resources */ = {isa = PBXBuildFile; fileRef = 7A89C47E1C7A5F6000D3A2F7 /* LaunchScreen.storyboard */; };
		7A89C48B1C7A5F6000D3A2F7 /* InstaFeedTests.m in Sources */ = {isa = PBXBuildFile; fileRef = 7A89C48A1C7A5F6000D3A2F7 /* InstaFeedTests.m */; };
		7A89C4961C7A5F6000D3A2F7 /* InstaFeedUITests.m in Sources */ = {isa = PBXBuildFile; fileRef = 7A89C4951C7A5F6000D3A2F7 /* InstaFeedUITests.m */; };
		7AEC73361C96F8BC006473F6 /* ESLoginViperInteractor.m in Sources */ = {isa = PBXBuildFile; fileRef = 7AEC73231C96F8BC006473F6 /* ESLoginViperInteractor.m */; };
		7AEC73371C96F8BC006473F6 /* ESLoginViperPresenter.m in Sources */ = {isa = PBXBuildFile; fileRef = 7AEC732A1C96F8BC006473F6 /* ESLoginViperPresenter.m */; };
		7AEC73381C96F8BC006473F6 /* ESLoginViperVC.m in Sources */ = {isa = PBXBuildFile; fileRef = 7AEC732E1C96F8BC006473F6 /* ESLoginViperVC.m */; };
		7AEC73391C96F8BC006473F6 /* ESLoginViperView.m in Sources */ = {isa = PBXBuildFile; fileRef = 7AEC73321C96F8BC006473F6 /* ESLoginViperView.m */; };
		7AEC733A1C96F8BC006473F6 /* ESLoginViperWireframe.m in Sources */ = {isa = PBXBuildFile; fileRef = 7AEC73351C96F8BC006473F6 /* ESLoginViperWireframe.m */; };
/* End PBXBuildFile section */

/* Begin PBXContainerItemProxy section */
		7A89C4871C7A5F6000D3A2F7 /* PBXContainerItemProxy */ = {
			isa = PBXContainerItemProxy;
			containerPortal = 7A89C4651C7A5F5F00D3A2F7 /* Project object */;
			proxyType = 1;
			remoteGlobalIDString = 7A89C46C1C7A5F5F00D3A2F7;
			remoteInfo = InstaFeed;
		};
		7A89C4921C7A5F6000D3A2F7 /* PBXContainerItemProxy */ = {
			isa = PBXContainerItemProxy;
			containerPortal = 7A89C4651C7A5F5F00D3A2F7 /* Project object */;
			proxyType = 1;
			remoteGlobalIDString = 7A89C46C1C7A5F5F00D3A2F7;
			remoteInfo = InstaFeed;
		};
/* End PBXContainerItemProxy section */

/* Begin PBXFileReference section */
		23385B6A2B12C53B8F712E44 /* Pods.debug.xcconfig */ = {isa = PBXFileReference; includeInIndex = 1; lastKnownFileType = text.xcconfig; name = Pods.debug.xcconfig; path = "Pods/Target Support Files/Pods/Pods.debug.xcconfig"; sourceTree = "<group>"; };
		37D091398710E328B8173F35 /* Pods.release.xcconfig */ = {isa = PBXFileReference; includeInIndex = 1; lastKnownFileType = text.xcconfig; name = Pods.release.xcconfig; path = "Pods/Target Support Files/Pods/Pods.release.xcconfig"; sourceTree = "<group>"; };
		4DC68628262B474EC1BEA45E /* libPods.a */ = {isa = PBXFileReference; explicitFileType = archive.ar; includeInIndex = 0; path = libPods.a; sourceTree = BUILT_PRODUCTS_DIR; };
		7A15C9931C97036A00DA7022 /* LVGKeyboardInputView.h */ = {isa = PBXFileReference; fileEncoding = 4; lastKnownFileType = sourcecode.c.h; path = LVGKeyboardInputView.h; sourceTree = "<group>"; };
		7A15C9941C97036A00DA7022 /* LVGKeyboardInputView.m */ = {isa = PBXFileReference; fileEncoding = 4; lastKnownFileType = sourcecode.c.objc; path = LVGKeyboardInputView.m; sourceTree = "<group>"; };
		7A15C9951C97036A00DA7022 /* Macros.h */ = {isa = PBXFileReference; fileEncoding = 4; lastKnownFileType = sourcecode.c.h; path = Macros.h; sourceTree = "<group>"; };
		7A89C46D1C7A5F5F00D3A2F7 /* InstaFeed.app */ = {isa = PBXFileReference; explicitFileType = wrapper.application; includeInIndex = 0; path = InstaFeed.app; sourceTree = BUILT_PRODUCTS_DIR; };
		7A89C4711C7A5F5F00D3A2F7 /* main.m */ = {isa = PBXFileReference; lastKnownFileType = sourcecode.c.objc; path = main.m; sourceTree = "<group>"; };
		7A89C4731C7A5F5F00D3A2F7 /* AppDelegate.h */ = {isa = PBXFileReference; lastKnownFileType = sourcecode.c.h; path = AppDelegate.h; sourceTree = "<group>"; };
		7A89C4741C7A5F5F00D3A2F7 /* AppDelegate.m */ = {isa = PBXFileReference; lastKnownFileType = sourcecode.c.objc; path = AppDelegate.m; sourceTree = "<group>"; };
		7A89C47C1C7A5F6000D3A2F7 /* Assets.xcassets */ = {isa = PBXFileReference; lastKnownFileType = folder.assetcatalog; path = Assets.xcassets; sourceTree = "<group>"; };
		7A89C47F1C7A5F6000D3A2F7 /* Base */ = {isa = PBXFileReference; lastKnownFileType = file.storyboard; name = Base; path = Base.lproj/LaunchScreen.storyboard; sourceTree = "<group>"; };
		7A89C4811C7A5F6000D3A2F7 /* Info.plist */ = {isa = PBXFileReference; lastKnownFileType = text.plist.xml; path = Info.plist; sourceTree = "<group>"; };
		7A89C4861C7A5F6000D3A2F7 /* InstaFeedTests.xctest */ = {isa = PBXFileReference; explicitFileType = wrapper.cfbundle; includeInIndex = 0; path = InstaFeedTests.xctest; sourceTree = BUILT_PRODUCTS_DIR; };
		7A89C48A1C7A5F6000D3A2F7 /* InstaFeedTests.m */ = {isa = PBXFileReference; lastKnownFileType = sourcecode.c.objc; path = InstaFeedTests.m; sourceTree = "<group>"; };
		7A89C48C1C7A5F6000D3A2F7 /* Info.plist */ = {isa = PBXFileReference; lastKnownFileType = text.plist.xml; path = Info.plist; sourceTree = "<group>"; };
		7A89C4911C7A5F6000D3A2F7 /* InstaFeedUITests.xctest */ = {isa = PBXFileReference; explicitFileType = wrapper.cfbundle; includeInIndex = 0; path = InstaFeedUITests.xctest; sourceTree = BUILT_PRODUCTS_DIR; };
		7A89C4951C7A5F6000D3A2F7 /* InstaFeedUITests.m */ = {isa = PBXFileReference; lastKnownFileType = sourcecode.c.objc; path = InstaFeedUITests.m; sourceTree = "<group>"; };
		7A89C4971C7A5F6000D3A2F7 /* Info.plist */ = {isa = PBXFileReference; lastKnownFileType = text.plist.xml; path = Info.plist; sourceTree = "<group>"; };
		7AEC731E1C96EB67006473F6 /* InstaFeed-Prefix.pch */ = {isa = PBXFileReference; lastKnownFileType = sourcecode.c.h; path = "InstaFeed-Prefix.pch"; sourceTree = "<group>"; };
		7AEC73221C96F8BC006473F6 /* ESLoginViperInteractor.h */ = {isa = PBXFileReference; fileEncoding = 4; lastKnownFileType = sourcecode.c.h; path = ESLoginViperInteractor.h; sourceTree = "<group>"; };
		7AEC73231C96F8BC006473F6 /* ESLoginViperInteractor.m */ = {isa = PBXFileReference; fileEncoding = 4; lastKnownFileType = sourcecode.c.objc; path = ESLoginViperInteractor.m; sourceTree = "<group>"; };
		7AEC73241C96F8BC006473F6 /* ESLoginViperInteractorO.h */ = {isa = PBXFileReference; fileEncoding = 4; lastKnownFileType = sourcecode.c.h; path = ESLoginViperInteractorO.h; sourceTree = "<group>"; };
		7AEC73261C96F8BC006473F6 /* ESLoginViperModuleDelegate.h */ = {isa = PBXFileReference; fileEncoding = 4; lastKnownFileType = sourcecode.c.h; path = ESLoginViperModuleDelegate.h; sourceTree = "<group>"; };
		7AEC73271C96F8BC006473F6 /* ESLoginViperModuleInterface.h */ = {isa = PBXFileReference; fileEncoding = 4; lastKnownFileType = sourcecode.c.h; path = ESLoginViperModuleInterface.h; sourceTree = "<group>"; };
		7AEC732A1C96F8BC006473F6 /* ESLoginViperPresenter.m */ = {isa = PBXFileReference; fileEncoding = 4; lastKnownFileType = sourcecode.c.objc; path = ESLoginViperPresenter.m; sourceTree = "<group>"; };
		7AEC732B1C96F8BC006473F6 /* ESLoginViperPresenter.h */ = {isa = PBXFileReference; fileEncoding = 4; lastKnownFileType = sourcecode.c.h; path = ESLoginViperPresenter.h; sourceTree = "<group>"; };
		7AEC732D1C96F8BC006473F6 /* ESLoginViperVC.h */ = {isa = PBXFileReference; fileEncoding = 4; lastKnownFileType = sourcecode.c.h; path = ESLoginViperVC.h; sourceTree = "<group>"; };
		7AEC732E1C96F8BC006473F6 /* ESLoginViperVC.m */ = {isa = PBXFileReference; fileEncoding = 4; lastKnownFileType = sourcecode.c.objc; path = ESLoginViperVC.m; sourceTree = "<group>"; };
		7AEC732F1C96F8BC006473F6 /* ESLoginViperViewInterface.h */ = {isa = PBXFileReference; fileEncoding = 4; lastKnownFileType = sourcecode.c.h; path = ESLoginViperViewInterface.h; sourceTree = "<group>"; };
		7AEC73311C96F8BC006473F6 /* ESLoginViperView.h */ = {isa = PBXFileReference; fileEncoding = 4; lastKnownFileType = sourcecode.c.h; path = ESLoginViperView.h; sourceTree = "<group>"; };
		7AEC73321C96F8BC006473F6 /* ESLoginViperView.m */ = {isa = PBXFileReference; fileEncoding = 4; lastKnownFileType = sourcecode.c.objc; path = ESLoginViperView.m; sourceTree = "<group>"; };
		7AEC73341C96F8BC006473F6 /* ESLoginViperWireframe.h */ = {isa = PBXFileReference; fileEncoding = 4; lastKnownFileType = sourcecode.c.h; path = ESLoginViperWireframe.h; sourceTree = "<group>"; };
		7AEC73351C96F8BC006473F6 /* ESLoginViperWireframe.m */ = {isa = PBXFileReference; fileEncoding = 4; lastKnownFileType = sourcecode.c.objc; path = ESLoginViperWireframe.m; sourceTree = "<group>"; };
/* End PBXFileReference section */

/* Begin PBXFrameworksBuildPhase section */
		7A89C46A1C7A5F5F00D3A2F7 /* Frameworks */ = {
			isa = PBXFrameworksBuildPhase;
			buildActionMask = 2147483647;
			files = (
				0B2A1628E566DCA6619BA2C7 /* libPods.a in Frameworks */,
			);
			runOnlyForDeploymentPostprocessing = 0;
		};
		7A89C4831C7A5F6000D3A2F7 /* Frameworks */ = {
			isa = PBXFrameworksBuildPhase;
			buildActionMask = 2147483647;
			files = (
			);
			runOnlyForDeploymentPostprocessing = 0;
		};
		7A89C48E1C7A5F6000D3A2F7 /* Frameworks */ = {
			isa = PBXFrameworksBuildPhase;
			buildActionMask = 2147483647;
			files = (
			);
			runOnlyForDeploymentPostprocessing = 0;
		};
/* End PBXFrameworksBuildPhase section */

/* Begin PBXGroup section */
		0F59141431231E1A29509266 /* Modules */ = {
			isa = PBXGroup;
			children = (
				7AEC731F1C96F8BC006473F6 /* LoginViperModule */,
			);
			path = Modules;
			sourceTree = "<group>";
		};
		1506DC9EA0529A9CA9C62950 /* Pods */ = {
			isa = PBXGroup;
			children = (
				23385B6A2B12C53B8F712E44 /* Pods.debug.xcconfig */,
				37D091398710E328B8173F35 /* Pods.release.xcconfig */,
			);
			name = Pods;
			sourceTree = "<group>";
		};
		279A32DE763C941C3A5717C8 /* Frameworks */ = {
			isa = PBXGroup;
			children = (
				4DC68628262B474EC1BEA45E /* libPods.a */,
			);
			name = Frameworks;
			sourceTree = "<group>";
		};
		7A15C9921C97036A00DA7022 /* Helpers */ = {
			isa = PBXGroup;
			children = (
				7A15C9931C97036A00DA7022 /* LVGKeyboardInputView.h */,
				7A15C9941C97036A00DA7022 /* LVGKeyboardInputView.m */,
				7A15C9951C97036A00DA7022 /* Macros.h */,
			);
			path = Helpers;
			sourceTree = "<group>";
		};
		7A89C4641C7A5F5F00D3A2F7 = {
			isa = PBXGroup;
			children = (
				7A89C46F1C7A5F5F00D3A2F7 /* InstaFeed */,
				7A15C9921C97036A00DA7022 /* Helpers */,
				7A89C4891C7A5F6000D3A2F7 /* InstaFeedTests */,
				7A89C4941C7A5F6000D3A2F7 /* InstaFeedUITests */,
				7A89C46E1C7A5F5F00D3A2F7 /* Products */,
				1506DC9EA0529A9CA9C62950 /* Pods */,
				279A32DE763C941C3A5717C8 /* Frameworks */,
			);
			sourceTree = "<group>";
		};
		7A89C46E1C7A5F5F00D3A2F7 /* Products */ = {
			isa = PBXGroup;
			children = (
				7A89C46D1C7A5F5F00D3A2F7 /* InstaFeed.app */,
				7A89C4861C7A5F6000D3A2F7 /* InstaFeedTests.xctest */,
				7A89C4911C7A5F6000D3A2F7 /* InstaFeedUITests.xctest */,
			);
			name = Products;
			sourceTree = "<group>";
		};
		7A89C46F1C7A5F5F00D3A2F7 /* InstaFeed */ = {
			isa = PBXGroup;
			children = (
				7A89C4731C7A5F5F00D3A2F7 /* AppDelegate.h */,
				7A89C4741C7A5F5F00D3A2F7 /* AppDelegate.m */,
				7A89C47C1C7A5F6000D3A2F7 /* Assets.xcassets */,
				7A89C47E1C7A5F6000D3A2F7 /* LaunchScreen.storyboard */,
				7A89C4811C7A5F6000D3A2F7 /* Info.plist */,
				7A89C4701C7A5F5F00D3A2F7 /* Supporting Files */,
				0F59141431231E1A29509266 /* Modules */,
			);
			path = InstaFeed;
			sourceTree = "<group>";
		};
		7A89C4701C7A5F5F00D3A2F7 /* Supporting Files */ = {
			isa = PBXGroup;
			children = (
				7AEC731E1C96EB67006473F6 /* InstaFeed-Prefix.pch */,
				7A89C4711C7A5F5F00D3A2F7 /* main.m */,
			);
			name = "Supporting Files";
			sourceTree = "<group>";
		};
		7A89C4891C7A5F6000D3A2F7 /* InstaFeedTests */ = {
			isa = PBXGroup;
			children = (
				7A89C48A1C7A5F6000D3A2F7 /* InstaFeedTests.m */,
				7A89C48C1C7A5F6000D3A2F7 /* Info.plist */,
			);
			path = InstaFeedTests;
			sourceTree = "<group>";
		};
		7A89C4941C7A5F6000D3A2F7 /* InstaFeedUITests */ = {
			isa = PBXGroup;
			children = (
				7A89C4951C7A5F6000D3A2F7 /* InstaFeedUITests.m */,
				7A89C4971C7A5F6000D3A2F7 /* Info.plist */,
			);
			path = InstaFeedUITests;
			sourceTree = "<group>";
		};
		7AEC731F1C96F8BC006473F6 /* LoginViperModule */ = {
			isa = PBXGroup;
			children = (
				7AEC73201C96F8BC006473F6 /* ApplicationLogic */,
				7AEC73251C96F8BC006473F6 /* ModuleInterface */,
				7AEC73281C96F8BC006473F6 /* UserInterface */,
			);
			name = LoginViperModule;
			path = Module/LoginViperModule;
			sourceTree = SOURCE_ROOT;
		};
		7AEC73201C96F8BC006473F6 /* ApplicationLogic */ = {
			isa = PBXGroup;
			children = (
				7AEC73211C96F8BC006473F6 /* Interactor */,
			);
			path = ApplicationLogic;
			sourceTree = "<group>";
		};
		7AEC73211C96F8BC006473F6 /* Interactor */ = {
			isa = PBXGroup;
			children = (
				7AEC73241C96F8BC006473F6 /* ESLoginViperInteractorO.h */,
				7AEC73221C96F8BC006473F6 /* ESLoginViperInteractor.h */,
				7AEC73231C96F8BC006473F6 /* ESLoginViperInteractor.m */,
			);
			path = Interactor;
			sourceTree = "<group>";
		};
		7AEC73251C96F8BC006473F6 /* ModuleInterface */ = {
			isa = PBXGroup;
			children = (
				7AEC73261C96F8BC006473F6 /* ESLoginViperModuleDelegate.h */,
				7AEC73271C96F8BC006473F6 /* ESLoginViperModuleInterface.h */,
			);
			path = ModuleInterface;
			sourceTree = "<group>";
		};
		7AEC73281C96F8BC006473F6 /* UserInterface */ = {
			isa = PBXGroup;
			children = (
				7AEC73291C96F8BC006473F6 /* Presenter */,
				7AEC732C1C96F8BC006473F6 /* View */,
				7AEC73331C96F8BC006473F6 /* Wireframe */,
			);
			path = UserInterface;
			sourceTree = "<group>";
		};
		7AEC73291C96F8BC006473F6 /* Presenter */ = {
			isa = PBXGroup;
			children = (
				7AEC732B1C96F8BC006473F6 /* ESLoginViperPresenter.h */,
				7AEC732A1C96F8BC006473F6 /* ESLoginViperPresenter.m */,
			);
			path = Presenter;
			sourceTree = "<group>";
		};
		7AEC732C1C96F8BC006473F6 /* View */ = {
			isa = PBXGroup;
			children = (
				7AEC732D1C96F8BC006473F6 /* ESLoginViperVC.h */,
				7AEC732E1C96F8BC006473F6 /* ESLoginViperVC.m */,
				7AEC732F1C96F8BC006473F6 /* ESLoginViperViewInterface.h */,
				7AEC73301C96F8BC006473F6 /* View */,
			);
			path = View;
			sourceTree = "<group>";
		};
		7AEC73301C96F8BC006473F6 /* View */ = {
			isa = PBXGroup;
			children = (
				7AEC73311C96F8BC006473F6 /* ESLoginViperView.h */,
				7AEC73321C96F8BC006473F6 /* ESLoginViperView.m */,
			);
			path = View;
			sourceTree = "<group>";
		};
		7AEC73331C96F8BC006473F6 /* Wireframe */ = {
			isa = PBXGroup;
			children = (
				7AEC73341C96F8BC006473F6 /* ESLoginViperWireframe.h */,
				7AEC73351C96F8BC006473F6 /* ESLoginViperWireframe.m */,
			);
			path = Wireframe;
			sourceTree = "<group>";
		};
/* End PBXGroup section */

/* Begin PBXNativeTarget section */
		7A89C46C1C7A5F5F00D3A2F7 /* InstaFeed */ = {
			isa = PBXNativeTarget;
			buildConfigurationList = 7A89C49A1C7A5F6000D3A2F7 /* Build configuration list for PBXNativeTarget "InstaFeed" */;
			buildPhases = (
				1BB279A46C05035563B58883 /* Check Pods Manifest.lock */,
				7A89C4691C7A5F5F00D3A2F7 /* Sources */,
				7A89C46A1C7A5F5F00D3A2F7 /* Frameworks */,
				7A89C46B1C7A5F5F00D3A2F7 /* Resources */,
				6A0839EA36CE0F1C7615C66A /* Embed Pods Frameworks */,
				735429935A3EBA378FF23D6B /* Copy Pods Resources */,
			);
			buildRules = (
			);
			dependencies = (
			);
			name = InstaFeed;
			productName = InstaFeed;
			productReference = 7A89C46D1C7A5F5F00D3A2F7 /* InstaFeed.app */;
			productType = "com.apple.product-type.application";
		};
		7A89C4851C7A5F6000D3A2F7 /* InstaFeedTests */ = {
			isa = PBXNativeTarget;
			buildConfigurationList = 7A89C49D1C7A5F6000D3A2F7 /* Build configuration list for PBXNativeTarget "InstaFeedTests" */;
			buildPhases = (
				7A89C4821C7A5F6000D3A2F7 /* Sources */,
				7A89C4831C7A5F6000D3A2F7 /* Frameworks */,
				7A89C4841C7A5F6000D3A2F7 /* Resources */,
			);
			buildRules = (
			);
			dependencies = (
				7A89C4881C7A5F6000D3A2F7 /* PBXTargetDependency */,
			);
			name = InstaFeedTests;
			productName = InstaFeedTests;
			productReference = 7A89C4861C7A5F6000D3A2F7 /* InstaFeedTests.xctest */;
			productType = "com.apple.product-type.bundle.unit-test";
		};
		7A89C4901C7A5F6000D3A2F7 /* InstaFeedUITests */ = {
			isa = PBXNativeTarget;
			buildConfigurationList = 7A89C4A01C7A5F6000D3A2F7 /* Build configuration list for PBXNativeTarget "InstaFeedUITests" */;
			buildPhases = (
				7A89C48D1C7A5F6000D3A2F7 /* Sources */,
				7A89C48E1C7A5F6000D3A2F7 /* Frameworks */,
				7A89C48F1C7A5F6000D3A2F7 /* Resources */,
			);
			buildRules = (
			);
			dependencies = (
				7A89C4931C7A5F6000D3A2F7 /* PBXTargetDependency */,
			);
			name = InstaFeedUITests;
			productName = InstaFeedUITests;
			productReference = 7A89C4911C7A5F6000D3A2F7 /* InstaFeedUITests.xctest */;
			productType = "com.apple.product-type.bundle.ui-testing";
		};
/* End PBXNativeTarget section */

/* Begin PBXProject section */
		7A89C4651C7A5F5F00D3A2F7 /* Project object */ = {
			isa = PBXProject;
			attributes = {
				LastUpgradeCheck = 0720;
				ORGANIZATIONNAME = "Евгений";
				TargetAttributes = {
					7A89C46C1C7A5F5F00D3A2F7 = {
						CreatedOnToolsVersion = 7.2.1;
						DevelopmentTeam = Q3CB573LRP;
					};
					7A89C4851C7A5F6000D3A2F7 = {
						CreatedOnToolsVersion = 7.2.1;
						DevelopmentTeam = Q3CB573LRP;
						TestTargetID = 7A89C46C1C7A5F5F00D3A2F7;
					};
					7A89C4901C7A5F6000D3A2F7 = {
						CreatedOnToolsVersion = 7.2.1;
						DevelopmentTeam = Q3CB573LRP;
						TestTargetID = 7A89C46C1C7A5F5F00D3A2F7;
					};
				};
			};
			buildConfigurationList = 7A89C4681C7A5F5F00D3A2F7 /* Build configuration list for PBXProject "InstaFeed" */;
			compatibilityVersion = "Xcode 3.2";
			developmentRegion = English;
			hasScannedForEncodings = 0;
			knownRegions = (
				en,
				Base,
			);
			mainGroup = 7A89C4641C7A5F5F00D3A2F7;
			productRefGroup = 7A89C46E1C7A5F5F00D3A2F7 /* Products */;
			projectDirPath = "";
			projectRoot = "";
			targets = (
				7A89C46C1C7A5F5F00D3A2F7 /* InstaFeed */,
				7A89C4851C7A5F6000D3A2F7 /* InstaFeedTests */,
				7A89C4901C7A5F6000D3A2F7 /* InstaFeedUITests */,
			);
		};
/* End PBXProject section */

/* Begin PBXResourcesBuildPhase section */
		7A89C46B1C7A5F5F00D3A2F7 /* Resources */ = {
			isa = PBXResourcesBuildPhase;
			buildActionMask = 2147483647;
			files = (
				7A89C4801C7A5F6000D3A2F7 /* LaunchScreen.storyboard in Resources */,
				7A89C47D1C7A5F6000D3A2F7 /* Assets.xcassets in Resources */,
			);
			runOnlyForDeploymentPostprocessing = 0;
		};
		7A89C4841C7A5F6000D3A2F7 /* Resources */ = {
			isa = PBXResourcesBuildPhase;
			buildActionMask = 2147483647;
			files = (
			);
			runOnlyForDeploymentPostprocessing = 0;
		};
		7A89C48F1C7A5F6000D3A2F7 /* Resources */ = {
			isa = PBXResourcesBuildPhase;
			buildActionMask = 2147483647;
			files = (
			);
			runOnlyForDeploymentPostprocessing = 0;
		};
/* End PBXResourcesBuildPhase section */

/* Begin PBXShellScriptBuildPhase section */
		1BB279A46C05035563B58883 /* Check Pods Manifest.lock */ = {
			isa = PBXShellScriptBuildPhase;
			buildActionMask = 2147483647;
			files = (
			);
			inputPaths = (
			);
			name = "Check Pods Manifest.lock";
			outputPaths = (
			);
			runOnlyForDeploymentPostprocessing = 0;
			shellPath = /bin/sh;
			shellScript = "diff \"${PODS_ROOT}/../Podfile.lock\" \"${PODS_ROOT}/Manifest.lock\" > /dev/null\nif [[ $? != 0 ]] ; then\n    cat << EOM\nerror: The sandbox is not in sync with the Podfile.lock. Run 'pod install' or update your CocoaPods installation.\nEOM\n    exit 1\nfi\n";
			showEnvVarsInLog = 0;
		};
		6A0839EA36CE0F1C7615C66A /* Embed Pods Frameworks */ = {
			isa = PBXShellScriptBuildPhase;
			buildActionMask = 2147483647;
			files = (
			);
			inputPaths = (
			);
			name = "Embed Pods Frameworks";
			outputPaths = (
			);
			runOnlyForDeploymentPostprocessing = 0;
			shellPath = /bin/sh;
			shellScript = "\"${SRCROOT}/Pods/Target Support Files/Pods/Pods-frameworks.sh\"\n";
			showEnvVarsInLog = 0;
		};
		735429935A3EBA378FF23D6B /* Copy Pods Resources */ = {
			isa = PBXShellScriptBuildPhase;
			buildActionMask = 2147483647;
			files = (
			);
			inputPaths = (
			);
			name = "Copy Pods Resources";
			outputPaths = (
			);
			runOnlyForDeploymentPostprocessing = 0;
			shellPath = /bin/sh;
			shellScript = "\"${SRCROOT}/Pods/Target Support Files/Pods/Pods-resources.sh\"\n";
			showEnvVarsInLog = 0;
		};
/* End PBXShellScriptBuildPhase section */

/* Begin PBXSourcesBuildPhase section */
		7A89C4691C7A5F5F00D3A2F7 /* Sources */ = {
			isa = PBXSourcesBuildPhase;
			buildActionMask = 2147483647;
			files = (
				7AEC73361C96F8BC006473F6 /* ESLoginViperInteractor.m in Sources */,
				7AEC733A1C96F8BC006473F6 /* ESLoginViperWireframe.m in Sources */,
				7AEC73371C96F8BC006473F6 /* ESLoginViperPresenter.m in Sources */,
				7A89C4751C7A5F5F00D3A2F7 /* AppDelegate.m in Sources */,
				7AEC73391C96F8BC006473F6 /* ESLoginViperView.m in Sources */,
				7AEC73381C96F8BC006473F6 /* ESLoginViperVC.m in Sources */,
				7A15C9961C97036A00DA7022 /* LVGKeyboardInputView.m in Sources */,
				7A89C4721C7A5F5F00D3A2F7 /* main.m in Sources */,
			);
			runOnlyForDeploymentPostprocessing = 0;
		};
		7A89C4821C7A5F6000D3A2F7 /* Sources */ = {
			isa = PBXSourcesBuildPhase;
			buildActionMask = 2147483647;
			files = (
				7A89C48B1C7A5F6000D3A2F7 /* InstaFeedTests.m in Sources */,
			);
			runOnlyForDeploymentPostprocessing = 0;
		};
		7A89C48D1C7A5F6000D3A2F7 /* Sources */ = {
			isa = PBXSourcesBuildPhase;
			buildActionMask = 2147483647;
			files = (
				7A89C4961C7A5F6000D3A2F7 /* InstaFeedUITests.m in Sources */,
			);
			runOnlyForDeploymentPostprocessing = 0;
		};
/* End PBXSourcesBuildPhase section */

/* Begin PBXTargetDependency section */
		7A89C4881C7A5F6000D3A2F7 /* PBXTargetDependency */ = {
			isa = PBXTargetDependency;
			target = 7A89C46C1C7A5F5F00D3A2F7 /* InstaFeed */;
			targetProxy = 7A89C4871C7A5F6000D3A2F7 /* PBXContainerItemProxy */;
		};
		7A89C4931C7A5F6000D3A2F7 /* PBXTargetDependency */ = {
			isa = PBXTargetDependency;
			target = 7A89C46C1C7A5F5F00D3A2F7 /* InstaFeed */;
			targetProxy = 7A89C4921C7A5F6000D3A2F7 /* PBXContainerItemProxy */;
		};
/* End PBXTargetDependency section */

/* Begin PBXVariantGroup section */
		7A89C47E1C7A5F6000D3A2F7 /* LaunchScreen.storyboard */ = {
			isa = PBXVariantGroup;
			children = (
				7A89C47F1C7A5F6000D3A2F7 /* Base */,
			);
			name = LaunchScreen.storyboard;
			sourceTree = "<group>";
		};
/* End PBXVariantGroup section */

/* Begin XCBuildConfiguration section */
		7A89C4981C7A5F6000D3A2F7 /* Debug */ = {
			isa = XCBuildConfiguration;
			buildSettings = {
				ALWAYS_SEARCH_USER_PATHS = NO;
				CLANG_CXX_LANGUAGE_STANDARD = "gnu++0x";
				CLANG_CXX_LIBRARY = "libc++";
				CLANG_ENABLE_MODULES = YES;
				CLANG_ENABLE_OBJC_ARC = YES;
				CLANG_WARN_BOOL_CONVERSION = YES;
				CLANG_WARN_CONSTANT_CONVERSION = YES;
				CLANG_WARN_DIRECT_OBJC_ISA_USAGE = YES_ERROR;
				CLANG_WARN_EMPTY_BODY = YES;
				CLANG_WARN_ENUM_CONVERSION = YES;
				CLANG_WARN_INT_CONVERSION = YES;
				CLANG_WARN_OBJC_ROOT_CLASS = YES_ERROR;
				CLANG_WARN_UNREACHABLE_CODE = YES;
				CLANG_WARN__DUPLICATE_METHOD_MATCH = YES;
				"CODE_SIGN_IDENTITY[sdk=iphoneos*]" = "iPhone Developer";
				COPY_PHASE_STRIP = NO;
				DEBUG_INFORMATION_FORMAT = dwarf;
				ENABLE_STRICT_OBJC_MSGSEND = YES;
				ENABLE_TESTABILITY = YES;
				GCC_C_LANGUAGE_STANDARD = gnu99;
				GCC_DYNAMIC_NO_PIC = NO;
				GCC_NO_COMMON_BLOCKS = YES;
				GCC_OPTIMIZATION_LEVEL = 0;
				GCC_PREPROCESSOR_DEFINITIONS = (
					"DEBUG=1",
					"$(inherited)",
				);
				GCC_WARN_64_TO_32_BIT_CONVERSION = YES;
				GCC_WARN_ABOUT_RETURN_TYPE = YES_ERROR;
				GCC_WARN_UNDECLARED_SELECTOR = YES;
				GCC_WARN_UNINITIALIZED_AUTOS = YES_AGGRESSIVE;
				GCC_WARN_UNUSED_FUNCTION = YES;
				GCC_WARN_UNUSED_VARIABLE = YES;
				IPHONEOS_DEPLOYMENT_TARGET = 9.2;
				MTL_ENABLE_DEBUG_INFO = YES;
				ONLY_ACTIVE_ARCH = YES;
				SDKROOT = iphoneos;
				TARGETED_DEVICE_FAMILY = "1,2";
			};
			name = Debug;
		};
		7A89C4991C7A5F6000D3A2F7 /* Release */ = {
			isa = XCBuildConfiguration;
			buildSettings = {
				ALWAYS_SEARCH_USER_PATHS = NO;
				CLANG_CXX_LANGUAGE_STANDARD = "gnu++0x";
				CLANG_CXX_LIBRARY = "libc++";
				CLANG_ENABLE_MODULES = YES;
				CLANG_ENABLE_OBJC_ARC = YES;
				CLANG_WARN_BOOL_CONVERSION = YES;
				CLANG_WARN_CONSTANT_CONVERSION = YES;
				CLANG_WARN_DIRECT_OBJC_ISA_USAGE = YES_ERROR;
				CLANG_WARN_EMPTY_BODY = YES;
				CLANG_WARN_ENUM_CONVERSION = YES;
				CLANG_WARN_INT_CONVERSION = YES;
				CLANG_WARN_OBJC_ROOT_CLASS = YES_ERROR;
				CLANG_WARN_UNREACHABLE_CODE = YES;
				CLANG_WARN__DUPLICATE_METHOD_MATCH = YES;
				"CODE_SIGN_IDENTITY[sdk=iphoneos*]" = "iPhone Developer";
				COPY_PHASE_STRIP = NO;
				DEBUG_INFORMATION_FORMAT = "dwarf-with-dsym";
				ENABLE_NS_ASSERTIONS = NO;
				ENABLE_STRICT_OBJC_MSGSEND = YES;
				GCC_C_LANGUAGE_STANDARD = gnu99;
				GCC_NO_COMMON_BLOCKS = YES;
				GCC_WARN_64_TO_32_BIT_CONVERSION = YES;
				GCC_WARN_ABOUT_RETURN_TYPE = YES_ERROR;
				GCC_WARN_UNDECLARED_SELECTOR = YES;
				GCC_WARN_UNINITIALIZED_AUTOS = YES_AGGRESSIVE;
				GCC_WARN_UNUSED_FUNCTION = YES;
				GCC_WARN_UNUSED_VARIABLE = YES;
				IPHONEOS_DEPLOYMENT_TARGET = 9.2;
				MTL_ENABLE_DEBUG_INFO = NO;
				SDKROOT = iphoneos;
				TARGETED_DEVICE_FAMILY = "1,2";
				VALIDATE_PRODUCT = YES;
			};
			name = Release;
		};
		7A89C49B1C7A5F6000D3A2F7 /* Debug */ = {
			isa = XCBuildConfiguration;
			baseConfigurationReference = 23385B6A2B12C53B8F712E44 /* Pods.debug.xcconfig */;
			buildSettings = {
				ASSETCATALOG_COMPILER_APPICON_NAME = AppIcon;
				ASSETCATALOG_COMPILER_LAUNCHIMAGE_NAME = LaunchImage;
				GCC_PREFIX_HEADER = "InstaFeed/InstaFeed-Prefix.pch";
				INFOPLIST_FILE = InstaFeed/Info.plist;
				IPHONEOS_DEPLOYMENT_TARGET = 7.0;
				LD_RUNPATH_SEARCH_PATHS = "$(inherited) @executable_path/Frameworks";
				PRODUCT_BUNDLE_IDENTIFIER = IF.InstaFeed;
				PRODUCT_NAME = "$(TARGET_NAME)";
				TARGETED_DEVICE_FAMILY = 1;
			};
			name = Debug;
		};
		7A89C49C1C7A5F6000D3A2F7 /* Release */ = {
			isa = XCBuildConfiguration;
			baseConfigurationReference = 37D091398710E328B8173F35 /* Pods.release.xcconfig */;
			buildSettings = {
				ASSETCATALOG_COMPILER_APPICON_NAME = AppIcon;
				ASSETCATALOG_COMPILER_LAUNCHIMAGE_NAME = LaunchImage;
				GCC_PREFIX_HEADER = "InstaFeed/InstaFeed-Prefix.pch";
				INFOPLIST_FILE = InstaFeed/Info.plist;
				IPHONEOS_DEPLOYMENT_TARGET = 7.0;
				LD_RUNPATH_SEARCH_PATHS = "$(inherited) @executable_path/Frameworks";
				PRODUCT_BUNDLE_IDENTIFIER = IF.InstaFeed;
				PRODUCT_NAME = "$(TARGET_NAME)";
				TARGETED_DEVICE_FAMILY = 1;
			};
			name = Release;
		};
		7A89C49E1C7A5F6000D3A2F7 /* Debug */ = {
			isa = XCBuildConfiguration;
			buildSettings = {
				BUNDLE_LOADER = "$(TEST_HOST)";
				INFOPLIST_FILE = InstaFeedTests/Info.plist;
				LD_RUNPATH_SEARCH_PATHS = "$(inherited) @executable_path/Frameworks @loader_path/Frameworks";
				PRODUCT_BUNDLE_IDENTIFIER = IF.InstaFeedTests;
				PRODUCT_NAME = "$(TARGET_NAME)";
				TEST_HOST = "$(BUILT_PRODUCTS_DIR)/InstaFeed.app/InstaFeed";
			};
			name = Debug;
		};
		7A89C49F1C7A5F6000D3A2F7 /* Release */ = {
			isa = XCBuildConfiguration;
			buildSettings = {
				BUNDLE_LOADER = "$(TEST_HOST)";
				INFOPLIST_FILE = InstaFeedTests/Info.plist;
				LD_RUNPATH_SEARCH_PATHS = "$(inherited) @executable_path/Frameworks @loader_path/Frameworks";
				PRODUCT_BUNDLE_IDENTIFIER = IF.InstaFeedTests;
				PRODUCT_NAME = "$(TARGET_NAME)";
				TEST_HOST = "$(BUILT_PRODUCTS_DIR)/InstaFeed.app/InstaFeed";
			};
			name = Release;
		};
		7A89C4A11C7A5F6000D3A2F7 /* Debug */ = {
			isa = XCBuildConfiguration;
			buildSettings = {
				INFOPLIST_FILE = InstaFeedUITests/Info.plist;
				LD_RUNPATH_SEARCH_PATHS = "$(inherited) @executable_path/Frameworks @loader_path/Frameworks";
				PRODUCT_BUNDLE_IDENTIFIER = IF.InstaFeedUITests;
				PRODUCT_NAME = "$(TARGET_NAME)";
				TEST_TARGET_NAME = InstaFeed;
				USES_XCTRUNNER = YES;
			};
			name = Debug;
		};
		7A89C4A21C7A5F6000D3A2F7 /* Release */ = {
			isa = XCBuildConfiguration;
			buildSettings = {
				INFOPLIST_FILE = InstaFeedUITests/Info.plist;
				LD_RUNPATH_SEARCH_PATHS = "$(inherited) @executable_path/Frameworks @loader_path/Frameworks";
				PRODUCT_BUNDLE_IDENTIFIER = IF.InstaFeedUITests;
				PRODUCT_NAME = "$(TARGET_NAME)";
				TEST_TARGET_NAME = InstaFeed;
				USES_XCTRUNNER = YES;
			};
			name = Release;
		};
/* End XCBuildConfiguration section */

/* Begin XCConfigurationList section */
		7A89C4681C7A5F5F00D3A2F7 /* Build configuration list for PBXProject "InstaFeed" */ = {
			isa = XCConfigurationList;
			buildConfigurations = (
				7A89C4981C7A5F6000D3A2F7 /* Debug */,
				7A89C4991C7A5F6000D3A2F7 /* Release */,
			);
			defaultConfigurationIsVisible = 0;
			defaultConfigurationName = Release;
		};
		7A89C49A1C7A5F6000D3A2F7 /* Build configuration list for PBXNativeTarget "InstaFeed" */ = {
			isa = XCConfigurationList;
			buildConfigurations = (
				7A89C49B1C7A5F6000D3A2F7 /* Debug */,
				7A89C49C1C7A5F6000D3A2F7 /* Release */,
			);
			defaultConfigurationIsVisible = 0;
			defaultConfigurationName = Release;
		};
		7A89C49D1C7A5F6000D3A2F7 /* Build configuration list for PBXNativeTarget "InstaFeedTests" */ = {
			isa = XCConfigurationList;
			buildConfigurations = (
				7A89C49E1C7A5F6000D3A2F7 /* Debug */,
				7A89C49F1C7A5F6000D3A2F7 /* Release */,
			);
			defaultConfigurationIsVisible = 0;
			defaultConfigurationName = Release;
		};
		7A89C4A01C7A5F6000D3A2F7 /* Build configuration list for PBXNativeTarget "InstaFeedUITests" */ = {
			isa = XCConfigurationList;
			buildConfigurations = (
				7A89C4A11C7A5F6000D3A2F7 /* Debug */,
				7A89C4A21C7A5F6000D3A2F7 /* Release */,
			);
			defaultConfigurationIsVisible = 0;
			defaultConfigurationName = Release;
		};
/* End XCConfigurationList section */
	};
	rootObject = 7A89C4651C7A5F5F00D3A2F7 /* Project object */;
}
